
Microsoft Visual Studio Solution File, Format Version 12.00
# Visual Studio Version 17
VisualStudioVersion = 17.3.32922.545
MinimumVisualStudioVersion = 10.0.40219.1
Project("{9A19103F-16F7-4668-BE54-9A1E7A4F7556}") = "G3N8LE_ADT_2022_23_1.Client", "G3N8LE_ADT_2022_23_1.Client\G3N8LE_ADT_2022_23_1.Client.csproj", "{FB6B57AC-6D04-4595-A7B9-FA5560B75E97}"
EndProject
Project("{9A19103F-16F7-4668-BE54-9A1E7A4F7556}") = "G3N8LE_ADT_2022_23_1.Models", "G3N8LE_ADT_2022_23_1.Models\G3N8LE_ADT_2022_23_1.Models.csproj", "{70196FD4-43A1-4977-9C75-B922C762070C}"
EndProject
Project("{9A19103F-16F7-4668-BE54-9A1E7A4F7556}") = "G3N8LE_ADT_2022_23_1.Data", "G3N8LE_ADT_2022_23_1.Data\G3N8LE_ADT_2022_23_1.Data.csproj", "{A91F94EA-01AF-43A1-B405-00A431BAA08F}"
EndProject
Project("{9A19103F-16F7-4668-BE54-9A1E7A4F7556}") = "G3N8LE_ADT_2022_23_1.Logic", "G3N8LE_ADT_2022_23_1.Logic\G3N8LE_ADT_2022_23_1.Logic.csproj", "{2C5258DC-CC1B-43A0-AD7D-D536CDEF1E2B}"
EndProject
Project("{9A19103F-16F7-4668-BE54-9A1E7A4F7556}") = "G3N8LE_ADT_2022_23_1.Repository", "G3N8LE_ADT_2022_23_1.Repository\G3N8LE_ADT_2022_23_1.Repository.csproj", "{C314A3E6-8B78-474B-B444-17FB520D3A59}"
EndProject
Project("{9A19103F-16F7-4668-BE54-9A1E7A4F7556}") = "G3N8LE_ADT_2022_23_1.Test", "G3N8LE_ADT_2022_23_1.Test\G3N8LE_ADT_2022_23_1.Test.csproj", "{BE3D188B-2E03-4F66-85E0-F0DD9E44D9BC}"
EndProject
Project("{9A19103F-16F7-4668-BE54-9A1E7A4F7556}") = "G3N8LE_ADT_2022_23_1.Endpoint", "G3N8LE_ADT_2022_23_1.Endpoint\G3N8LE_ADT_2022_23_1.Endpoint.csproj", "{367585CC-189D-4830-B077-BB23F86732F5}"
EndProject
Project("{2150E333-8FDC-42A3-9474-1A3956D46DE8}") = "Backend", "Backend", "{3885255C-B6FA-4F46-9054-9B46C115A1BE}"
EndProject
Project("{2150E333-8FDC-42A3-9474-1A3956D46DE8}") = "Frontend", "Frontend", "{0AA7ABA5-9ABF-49DD-8E3D-3445FEB23A4F}"
EndProject
Project("{2150E333-8FDC-42A3-9474-1A3956D46DE8}") = "Shared", "Shared", "{C51E8698-EA2A-4EAC-9BEC-AF6819C300A8}"
EndProject
Global
	GlobalSection(SolutionConfigurationPlatforms) = preSolution
		Debug|Any CPU = Debug|Any CPU
		Release|Any CPU = Release|Any CPU
	EndGlobalSection
	GlobalSection(ProjectConfigurationPlatforms) = postSolution
		{FB6B57AC-6D04-4595-A7B9-FA5560B75E97}.Debug|Any CPU.ActiveCfg = Debug|Any CPU
		{FB6B57AC-6D04-4595-A7B9-FA5560B75E97}.Debug|Any CPU.Build.0 = Debug|Any CPU
		{FB6B57AC-6D04-4595-A7B9-FA5560B75E97}.Release|Any CPU.ActiveCfg = Release|Any CPU
		{FB6B57AC-6D04-4595-A7B9-FA5560B75E97}.Release|Any CPU.Build.0 = Release|Any CPU
		{70196FD4-43A1-4977-9C75-B922C762070C}.Debug|Any CPU.ActiveCfg = Debug|Any CPU
		{70196FD4-43A1-4977-9C75-B922C762070C}.Debug|Any CPU.Build.0 = Debug|Any CPU
		{70196FD4-43A1-4977-9C75-B922C762070C}.Release|Any CPU.ActiveCfg = Release|Any CPU
		{70196FD4-43A1-4977-9C75-B922C762070C}.Release|Any CPU.Build.0 = Release|Any CPU
		{A91F94EA-01AF-43A1-B405-00A431BAA08F}.Debug|Any CPU.ActiveCfg = Debug|Any CPU
		{A91F94EA-01AF-43A1-B405-00A431BAA08F}.Debug|Any CPU.Build.0 = Debug|Any CPU
		{A91F94EA-01AF-43A1-B405-00A431BAA08F}.Release|Any CPU.ActiveCfg = Release|Any CPU
		{A91F94EA-01AF-43A1-B405-00A431BAA08F}.Release|Any CPU.Build.0 = Release|Any CPU
		{2C5258DC-CC1B-43A0-AD7D-D536CDEF1E2B}.Debug|Any CPU.ActiveCfg = Debug|Any CPU
		{2C5258DC-CC1B-43A0-AD7D-D536CDEF1E2B}.Debug|Any CPU.Build.0 = Debug|Any CPU
		{2C5258DC-CC1B-43A0-AD7D-D536CDEF1E2B}.Release|Any CPU.ActiveCfg = Release|Any CPU
		{2C5258DC-CC1B-43A0-AD7D-D536CDEF1E2B}.Release|Any CPU.Build.0 = Release|Any CPU
		{C314A3E6-8B78-474B-B444-17FB520D3A59}.Debug|Any CPU.ActiveCfg = Debug|Any CPU
		{C314A3E6-8B78-474B-B444-17FB520D3A59}.Debug|Any CPU.Build.0 = Debug|Any CPU
		{C314A3E6-8B78-474B-B444-17FB520D3A59}.Release|Any CPU.ActiveCfg = Release|Any CPU
		{C314A3E6-8B78-474B-B444-17FB520D3A59}.Release|Any CPU.Build.0 = Release|Any CPU
		{BE3D188B-2E03-4F66-85E0-F0DD9E44D9BC}.Debug|Any CPU.ActiveCfg = Debug|Any CPU
		{BE3D188B-2E03-4F66-85E0-F0DD9E44D9BC}.Debug|Any CPU.Build.0 = Debug|Any CPU
		{BE3D188B-2E03-4F66-85E0-F0DD9E44D9BC}.Release|Any CPU.ActiveCfg = Release|Any CPU
		{BE3D188B-2E03-4F66-85E0-F0DD9E44D9BC}.Release|Any CPU.Build.0 = Release|Any CPU
		{367585CC-189D-4830-B077-BB23F86732F5}.Debug|Any CPU.ActiveCfg = Debug|Any CPU
		{367585CC-189D-4830-B077-BB23F86732F5}.Debug|Any CPU.Build.0 = Debug|Any CPU
		{367585CC-189D-4830-B077-BB23F86732F5}.Release|Any CPU.ActiveCfg = Release|Any CPU
		{367585CC-189D-4830-B077-BB23F86732F5}.Release|Any CPU.Build.0 = Release|Any CPU
	EndGlobalSection
	GlobalSection(SolutionProperties) = preSolution
		HideSolutionNode = FALSE
	EndGlobalSection
	GlobalSection(NestedProjects) = preSolution
		{FB6B57AC-6D04-4595-A7B9-FA5560B75E97} = {0AA7ABA5-9ABF-49DD-8E3D-3445FEB23A4F}
		{70196FD4-43A1-4977-9C75-B922C762070C} = {C51E8698-EA2A-4EAC-9BEC-AF6819C300A8}
		{A91F94EA-01AF-43A1-B405-00A431BAA08F} = {3885255C-B6FA-4F46-9054-9B46C115A1BE}
		{2C5258DC-CC1B-43A0-AD7D-D536CDEF1E2B} = {3885255C-B6FA-4F46-9054-9B46C115A1BE}
		{C314A3E6-8B78-474B-B444-17FB520D3A59} = {3885255C-B6FA-4F46-9054-9B46C115A1BE}
		{BE3D188B-2E03-4F66-85E0-F0DD9E44D9BC} = {3885255C-B6FA-4F46-9054-9B46C115A1BE}
		{367585CC-189D-4830-B077-BB23F86732F5} = {3885255C-B6FA-4F46-9054-9B46C115A1BE}
	EndGlobalSection
	GlobalSection(ExtensibilityGlobals) = postSolution
		SolutionGuid = {BE958A8F-E496-49B1-9E36-9BD387AB0CD5}
	EndGlobalSection
EndGlobal
